
Microsoft Visual Studio Solution File, Format Version 12.00
# Visual Studio Version 16
VisualStudioVersion = 16.0.29403.142
MinimumVisualStudioVersion = 10.0.40219.1
Project("{FAE04EC0-301F-11D3-BF4B-00C04F79EFBC}") = "Test", "Test\Test.csproj", "{50953D2B-A7AE-49CA-9A26-D71DCE1F693E}"
EndProject
Global
	GlobalSection(SolutionConfigurationPlatforms) = preSolution
		Debug|Any CPU = Debug|Any CPU
		Release|Any CPU = Release|Any CPU
	EndGlobalSection
	GlobalSection(ProjectConfigurationPlatforms) = postSolution
		{50953D2B-A7AE-49CA-9A26-D71DCE1F693E}.Debug|Any CPU.ActiveCfg = Debug|Any CPU
		{50953D2B-A7AE-49CA-9A26-D71DCE1F693E}.Debug|Any CPU.Build.0 = Debug|Any CPU
		{50953D2B-A7AE-49CA-9A26-D71DCE1F693E}.Release|Any CPU.ActiveCfg = Release|Any CPU
		{50953D2B-A7AE-49CA-9A26-D71DCE1F693E}.Release|Any CPU.Build.0 = Release|Any CPU
	EndGlobalSection
	GlobalSection(SolutionProperties) = preSolution
		HideSolutionNode = FALSE
	EndGlobalSection
	GlobalSection(ExtensibilityGlobals) = postSolution
		SolutionGuid = {DE909358-267A-49D9-AAF9-FB50A230A9D7}
	EndGlobalSection
EndGlobal
